// !$*UTF8*$!
{
	archiveVersion = 1;
	classes = {
	};
	objectVersion = 50;
	objects = {

/* Begin PBXBuildFile section */
		76859C0524795B2600AAFC09 /* AppDelegate.swift in Sources */ = {isa = PBXBuildFile; fileRef = 76859C0424795B2600AAFC09 /* AppDelegate.swift */; };
		76859C0724795B2600AAFC09 /* SceneDelegate.swift in Sources */ = {isa = PBXBuildFile; fileRef = 76859C0624795B2600AAFC09 /* SceneDelegate.swift */; };
		76859C0924795B2600AAFC09 /* ContentView.swift in Sources */ = {isa = PBXBuildFile; fileRef = 76859C0824795B2600AAFC09 /* ContentView.swift */; };
		76859C0B24795B2900AAFC09 /* Assets.xcassets in Resources */ = {isa = PBXBuildFile; fileRef = 76859C0A24795B2900AAFC09 /* Assets.xcassets */; };
		76859C0E24795B2900AAFC09 /* Preview Assets.xcassets in Resources */ = {isa = PBXBuildFile; fileRef = 76859C0D24795B2900AAFC09 /* Preview Assets.xcassets */; };
		76859C1124795B2900AAFC09 /* LaunchScreen.storyboard in Resources */ = {isa = PBXBuildFile; fileRef = 76859C0F24795B2900AAFC09 /* LaunchScreen.storyboard */; };
		76859C1924795E4C00AAFC09 /* MemoryGame.swift in Sources */ = {isa = PBXBuildFile; fileRef = 76859C1824795E4C00AAFC09 /* MemoryGame.swift */; };
		76859C1B24795E7000AAFC09 /* EmojiMemoryGame.swift in Sources */ = {isa = PBXBuildFile; fileRef = 76859C1A24795E7000AAFC09 /* EmojiMemoryGame.swift */; };
/* End PBXBuildFile section */

/* Begin PBXFileReference section */
		76859C0124795B2600AAFC09 /* AssignmentI.app */ = {isa = PBXFileReference; explicitFileType = wrapper.application; includeInIndex = 0; path = AssignmentI.app; sourceTree = BUILT_PRODUCTS_DIR; };
		76859C0424795B2600AAFC09 /* AppDelegate.swift */ = {isa = PBXFileReference; lastKnownFileType = sourcecode.swift; path = AppDelegate.swift; sourceTree = "<group>"; };
		76859C0624795B2600AAFC09 /* SceneDelegate.swift */ = {isa = PBXFileReference; lastKnownFileType = sourcecode.swift; path = SceneDelegate.swift; sourceTree = "<group>"; };
		76859C0824795B2600AAFC09 /* ContentView.swift */ = {isa = PBXFileReference; lastKnownFileType = sourcecode.swift; path = ContentView.swift; sourceTree = "<group>"; };
		76859C0A24795B2900AAFC09 /* Assets.xcassets */ = {isa = PBXFileReference; lastKnownFileType = folder.assetcatalog; path = Assets.xcassets; sourceTree = "<group>"; };
		76859C0D24795B2900AAFC09 /* Preview Assets.xcassets */ = {isa = PBXFileReference; lastKnownFileType = folder.assetcatalog; path = "Preview Assets.xcassets"; sourceTree = "<group>"; };
		76859C1024795B2900AAFC09 /* Base */ = {isa = PBXFileReference; lastKnownFileType = file.storyboard; name = Base; path = Base.lproj/LaunchScreen.storyboard; sourceTree = "<group>"; };
		76859C1224795B2900AAFC09 /* Info.plist */ = {isa = PBXFileReference; lastKnownFileType = text.plist.xml; path = Info.plist; sourceTree = "<group>"; };
		76859C1824795E4C00AAFC09 /* MemoryGame.swift */ = {isa = PBXFileReference; lastKnownFileType = sourcecode.swift; path = MemoryGame.swift; sourceTree = "<group>"; };
		76859C1A24795E7000AAFC09 /* EmojiMemoryGame.swift */ = {isa = PBXFileReference; lastKnownFileType = sourcecode.swift; path = EmojiMemoryGame.swift; sourceTree = "<group>"; };
/* End PBXFileReference section */

/* Begin PBXFrameworksBuildPhase section */
		76859BFE24795B2600AAFC09 /* Frameworks */ = {
			isa = PBXFrameworksBuildPhase;
			buildActionMask = 2147483647;
			files = (
			);
			runOnlyForDeploymentPostprocessing = 0;
		};
/* End PBXFrameworksBuildPhase section */

/* Begin PBXGroup section */
		76859BF824795B2600AAFC09 = {
			isa = PBXGroup;
			children = (
				76859C0324795B2600AAFC09 /* AssignmentI */,
				76859C0224795B2600AAFC09 /* Products */,
			);
			sourceTree = "<group>";
		};
		76859C0224795B2600AAFC09 /* Products */ = {
			isa = PBXGroup;
			children = (
				76859C0124795B2600AAFC09 /* AssignmentI.app */,
			);
			name = Products;
			sourceTree = "<group>";
		};
		76859C0324795B2600AAFC09 /* AssignmentI */ = {
			isa = PBXGroup;
			children = (
				76859C0424795B2600AAFC09 /* AppDelegate.swift */,
				76859C0624795B2600AAFC09 /* SceneDelegate.swift */,
				76859C0824795B2600AAFC09 /* ContentView.swift */,
				76859C1824795E4C00AAFC09 /* MemoryGame.swift */,
				76859C1A24795E7000AAFC09 /* EmojiMemoryGame.swift */,
				76859C0A24795B2900AAFC09 /* Assets.xcassets */,
				76859C0F24795B2900AAFC09 /* LaunchScreen.storyboard */,
				76859C1224795B2900AAFC09 /* Info.plist */,
				76859C0C24795B2900AAFC09 /* Preview Content */,
			);
			path = AssignmentI;
			sourceTree = "<group>";
		};
		76859C0C24795B2900AAFC09 /* Preview Content */ = {
			isa = PBXGroup;
			children = (
				76859C0D24795B2900AAFC09 /* Preview Assets.xcassets */,
			);
			path = "Preview Content";
			sourceTree = "<group>";
		};
/* End PBXGroup section */

/* Begin PBXNativeTarget section */
		76859C0024795B2600AAFC09 /* AssignmentI */ = {
			isa = PBXNativeTarget;
			buildConfigurationList = 76859C1524795B2900AAFC09 /* Build configuration list for PBXNativeTarget "AssignmentI" */;
			buildPhases = (
				76859BFD24795B2600AAFC09 /* Sources */,
				76859BFE24795B2600AAFC09 /* Frameworks */,
				76859BFF24795B2600AAFC09 /* Resources */,
			);
			buildRules = (
			);
			dependencies = (
			);
			name = AssignmentI;
			productName = AssignmentI;
			productReference = 76859C0124795B2600AAFC09 /* AssignmentI.app */;
			productType = "com.apple.product-type.application";
		};
/* End PBXNativeTarget section */

/* Begin PBXProject section */
		76859BF924795B2600AAFC09 /* Project object */ = {
			isa = PBXProject;
			attributes = {
				LastSwiftUpdateCheck = 1140;
				LastUpgradeCheck = 1140;
				ORGANIZATIONNAME = "Takasur Azeem";
				TargetAttributes = {
					76859C0024795B2600AAFC09 = {
						CreatedOnToolsVersion = 11.4.1;
					};
				};
			};
			buildConfigurationList = 76859BFC24795B2600AAFC09 /* Build configuration list for PBXProject "AssignmentI" */;
			compatibilityVersion = "Xcode 9.3";
			developmentRegion = en;
			hasScannedForEncodings = 0;
			knownRegions = (
				en,
				Base,
			);
			mainGroup = 76859BF824795B2600AAFC09;
			productRefGroup = 76859C0224795B2600AAFC09 /* Products */;
			projectDirPath = "";
			projectRoot = "";
			targets = (
				76859C0024795B2600AAFC09 /* AssignmentI */,
			);
		};
/* End PBXProject section */

/* Begin PBXResourcesBuildPhase section */
		76859BFF24795B2600AAFC09 /* Resources */ = {
			isa = PBXResourcesBuildPhase;
			buildActionMask = 2147483647;
			files = (
				76859C1124795B2900AAFC09 /* LaunchScreen.storyboard in Resources */,
				76859C0E24795B2900AAFC09 /* Preview Assets.xcassets in Resources */,
				76859C0B24795B2900AAFC09 /* Assets.xcassets in Resources */,
			);
			runOnlyForDeploymentPostprocessing = 0;
		};
/* End PBXResourcesBuildPhase section */

/* Begin PBXSourcesBuildPhase section */
		76859BFD24795B2600AAFC09 /* Sources */ = {
			isa = PBXSourcesBuildPhase;
			buildActionMask = 2147483647;
			files = (
				76859C0524795B2600AAFC09 /* AppDelegate.swift in Sources */,
				76859C0724795B2600AAFC09 /* SceneDelegate.swift in Sources */,
				76859C1924795E4C00AAFC09 /* MemoryGame.swift in Sources */,
				76859C0924795B2600AAFC09 /* ContentView.swift in Sources */,
				76859C1B24795E7000AAFC09 /* EmojiMemoryGame.swift in Sources */,
			);
			runOnlyForDeploymentPostprocessing = 0;
		};
/* End PBXSourcesBuildPhase section */

/* Begin PBXVariantGroup section */
		76859C0F24795B2900AAFC09 /* LaunchScreen.storyboard */ = {
			isa = PBXVariantGroup;
			children = (
				76859C1024795B2900AAFC09 /* Base */,
			);
			name = LaunchScreen.storyboard;
			sourceTree = "<group>";
		};
/* End PBXVariantGroup section */

/* Begin XCBuildConfiguration section */
		76859C1324795B2900AAFC09 /* Debug */ = {
			isa = XCBuildConfiguration;
			buildSettings = {
				ALWAYS_SEARCH_USER_PATHS = NO;
				CLANG_ANALYZER_NONNULL = YES;
				CLANG_ANALYZER_NUMBER_OBJECT_CONVERSION = YES_AGGRESSIVE;
				CLANG_CXX_LANGUAGE_STANDARD = "gnu++14";
				CLANG_CXX_LIBRARY = "libc++";
				CLANG_ENABLE_MODULES = YES;
				CLANG_ENABLE_OBJC_ARC = YES;
				CLANG_ENABLE_OBJC_WEAK = YES;
				CLANG_WARN_BLOCK_CAPTURE_AUTORELEASING = YES;
				CLANG_WARN_BOOL_CONVERSION = YES;
				CLANG_WARN_COMMA = YES;
				CLANG_WARN_CONSTANT_CONVERSION = YES;
				CLANG_WARN_DEPRECATED_OBJC_IMPLEMENTATIONS = YES;
				CLANG_WARN_DIRECT_OBJC_ISA_USAGE = YES_ERROR;
				CLANG_WARN_DOCUMENTATION_COMMENTS = YES;
				CLANG_WARN_EMPTY_BODY = YES;
				CLANG_WARN_ENUM_CONVERSION = YES;
				CLANG_WARN_INFINITE_RECURSION = YES;
				CLANG_WARN_INT_CONVERSION = YES;
				CLANG_WARN_NON_LITERAL_NULL_CONVERSION = YES;
				CLANG_WARN_OBJC_IMPLICIT_RETAIN_SELF = YES;
				CLANG_WARN_OBJC_LITERAL_CONVERSION = YES;
				CLANG_WARN_OBJC_ROOT_CLASS = YES_ERROR;
				CLANG_WARN_RANGE_LOOP_ANALYSIS = YES;
				CLANG_WARN_STRICT_PROTOTYPES = YES;
				CLANG_WARN_SUSPICIOUS_MOVE = YES;
				CLANG_WARN_UNGUARDED_AVAILABILITY = YES_AGGRESSIVE;
				CLANG_WARN_UNREACHABLE_CODE = YES;
				CLANG_WARN__DUPLICATE_METHOD_MATCH = YES;
				COPY_PHASE_STRIP = NO;
				DEBUG_INFORMATION_FORMAT = dwarf;
				ENABLE_STRICT_OBJC_MSGSEND = YES;
				ENABLE_TESTABILITY = YES;
				GCC_C_LANGUAGE_STANDARD = gnu11;
				GCC_DYNAMIC_NO_PIC = NO;
				GCC_NO_COMMON_BLOCKS = YES;
				GCC_OPTIMIZATION_LEVEL = 0;
				GCC_PREPROCESSOR_DEFINITIONS = (
					"DEBUG=1",
					"$(inherited)",
				);
				GCC_WARN_64_TO_32_BIT_CONVERSION = YES;
				GCC_WARN_ABOUT_RETURN_TYPE = YES_ERROR;
				GCC_WARN_UNDECLARED_SELECTOR = YES;
				GCC_WARN_UNINITIALIZED_AUTOS = YES_AGGRESSIVE;
				GCC_WARN_UNUSED_FUNCTION = YES;
				GCC_WARN_UNUSED_VARIABLE = YES;
				IPHONEOS_DEPLOYMENT_TARGET = 13.4;
				MTL_ENABLE_DEBUG_INFO = INCLUDE_SOURCE;
				MTL_FAST_MATH = YES;
				ONLY_ACTIVE_ARCH = YES;
				SDKROOT = iphoneos;
				SWIFT_ACTIVE_COMPILATION_CONDITIONS = DEBUG;
				SWIFT_OPTIMIZATION_LEVEL = "-Onone";
			};
			name = Debug;
		};
		76859C1424795B2900AAFC09 /* Release */ = {
			isa = XCBuildConfiguration;
			buildSettings = {
				ALWAYS_SEARCH_USER_PATHS = NO;
				CLANG_ANALYZER_NONNULL = YES;
				CLANG_ANALYZER_NUMBER_OBJECT_CONVERSION = YES_AGGRESSIVE;
				CLANG_CXX_LANGUAGE_STANDARD = "gnu++14";
				CLANG_CXX_LIBRARY = "libc++";
				CLANG_ENABLE_MODULES = YES;
				CLANG_ENABLE_OBJC_ARC = YES;
				CLANG_ENABLE_OBJC_WEAK = YES;
				CLANG_WARN_BLOCK_CAPTURE_AUTORELEASING = YES;
				CLANG_WARN_BOOL_CONVERSION = YES;
				CLANG_WARN_COMMA = YES;
				CLANG_WARN_CONSTANT_CONVERSION = YES;
				CLANG_WARN_DEPRECATED_OBJC_IMPLEMENTATIONS = YES;
				CLANG_WARN_DIRECT_OBJC_ISA_USAGE = YES_ERROR;
				CLANG_WARN_DOCUMENTATION_COMMENTS = YES;
				CLANG_WARN_EMPTY_BODY = YES;
				CLANG_WARN_ENUM_CONVERSION = YES;
				CLANG_WARN_INFINITE_RECURSION = YES;
				CLANG_WARN_INT_CONVERSION = YES;
				CLANG_WARN_NON_LITERAL_NULL_CONVERSION = YES;
				CLANG_WARN_OBJC_IMPLICIT_RETAIN_SELF = YES;
				CLANG_WARN_OBJC_LITERAL_CONVERSION = YES;
				CLANG_WARN_OBJC_ROOT_CLASS = YES_ERROR;
				CLANG_WARN_RANGE_LOOP_ANALYSIS = YES;
				CLANG_WARN_STRICT_PROTOTYPES = YES;
				CLANG_WARN_SUSPICIOUS_MOVE = YES;
				CLANG_WARN_UNGUARDED_AVAILABILITY = YES_AGGRESSIVE;
				CLANG_WARN_UNREACHABLE_CODE = YES;
				CLANG_WARN__DUPLICATE_METHOD_MATCH = YES;
				COPY_PHASE_STRIP = NO;
				DEBUG_INFORMATION_FORMAT = "dwarf-with-dsym";
				ENABLE_NS_ASSERTIONS = NO;
				ENABLE_STRICT_OBJC_MSGSEND = YES;
				GCC_C_LANGUAGE_STANDARD = gnu11;
				GCC_NO_COMMON_BLOCKS = YES;
				GCC_WARN_64_TO_32_BIT_CONVERSION = YES;
				GCC_WARN_ABOUT_RETURN_TYPE = YES_ERROR;
				GCC_WARN_UNDECLARED_SELECTOR = YES;
				GCC_WARN_UNINITIALIZED_AUTOS = YES_AGGRESSIVE;
				GCC_WARN_UNUSED_FUNCTION = YES;
				GCC_WARN_UNUSED_VARIABLE = YES;
				IPHONEOS_DEPLOYMENT_TARGET = 13.4;
				MTL_ENABLE_DEBUG_INFO = NO;
				MTL_FAST_MATH = YES;
				SDKROOT = iphoneos;
				SWIFT_COMPILATION_MODE = wholemodule;
				SWIFT_OPTIMIZATION_LEVEL = "-O";
				VALIDATE_PRODUCT = YES;
			};
			name = Release;
		};
		76859C1624795B2900AAFC09 /* Debug */ = {
			isa = XCBuildConfiguration;
			buildSettings = {
				ASSETCATALOG_COMPILER_APPICON_NAME = AppIcon;
				CODE_SIGN_STYLE = Automatic;
				DEVELOPMENT_ASSET_PATHS = "\"AssignmentI/Preview Content\"";
				DEVELOPMENT_TEAM = C44B2TPYXU;
				ENABLE_PREVIEWS = YES;
				INFOPLIST_FILE = AssignmentI/Info.plist;
				LD_RUNPATH_SEARCH_PATHS = (
					"$(inherited)",
					"@executable_path/Frameworks",
				);
				PRODUCT_BUNDLE_IDENTIFIER = com.semangix.AssignmentI;
				PRODUCT_NAME = "$(TARGET_NAME)";
				SWIFT_VERSION = 5.0;
				TARGETED_DEVICE_FAMILY = "1,2";
			};
			name = Debug;
		};
		76859C1724795B2900AAFC09 /* Release */ = {
			isa = XCBuildConfiguration;
			buildSettings = {
				ASSETCATALOG_COMPILER_APPICON_NAME = AppIcon;
				CODE_SIGN_STYLE = Automatic;
				DEVELOPMENT_ASSET_PATHS = "\"AssignmentI/Preview Content\"";
				DEVELOPMENT_TEAM = C44B2TPYXU;
				ENABLE_PREVIEWS = YES;
				INFOPLIST_FILE = AssignmentI/Info.plist;
				LD_RUNPATH_SEARCH_PATHS = (
					"$(inherited)",
					"@executable_path/Frameworks",
				);
				PRODUCT_BUNDLE_IDENTIFIER = com.semangix.AssignmentI;
				PRODUCT_NAME = "$(TARGET_NAME)";
				SWIFT_VERSION = 5.0;
				TARGETED_DEVICE_FAMILY = "1,2";
			};
			name = Release;
		};
/* End XCBuildConfiguration section */

/* Begin XCConfigurationList section */
		76859BFC24795B2600AAFC09 /* Build configuration list for PBXProject "AssignmentI" */ = {
			isa = XCConfigurationList;
			buildConfigurations = (
				76859C1324795B2900AAFC09 /* Debug */,
				76859C1424795B2900AAFC09 /* Release */,
			);
			defaultConfigurationIsVisible = 0;
			defaultConfigurationName = Release;
		};
		76859C1524795B2900AAFC09 /* Build configuration list for PBXNativeTarget "AssignmentI" */ = {
			isa = XCConfigurationList;
			buildConfigurations = (
				76859C1624795B2900AAFC09 /* Debug */,
				76859C1724795B2900AAFC09 /* Release */,
			);
			defaultConfigurationIsVisible = 0;
			defaultConfigurationName = Release;
		};
/* End XCConfigurationList section */
	};
	rootObject = 76859BF924795B2600AAFC09 /* Project object */;
}
